
Microsoft Visual Studio Solution File, Format Version 12.00
# Visual Studio Version 17
VisualStudioVersion = 17.1.32414.318
MinimumVisualStudioVersion = 10.0.40219.1
Project("{FAE04EC0-301F-11D3-BF4B-00C04F79EFBC}") = "MeninasProgramadorsaWeb", "MeninasProgramadorsaWeb\MeninasProgramadorsaWeb.csproj", "{C9899453-7BCC-466C-A6B0-D0257255648C}"
EndProject
Global
	GlobalSection(SolutionConfigurationPlatforms) = preSolution
		Debug|Any CPU = Debug|Any CPU
		Release|Any CPU = Release|Any CPU
	EndGlobalSection
	GlobalSection(ProjectConfigurationPlatforms) = postSolution
		{C9899453-7BCC-466C-A6B0-D0257255648C}.Debug|Any CPU.ActiveCfg = Debug|Any CPU
		{C9899453-7BCC-466C-A6B0-D0257255648C}.Debug|Any CPU.Build.0 = Debug|Any CPU
		{C9899453-7BCC-466C-A6B0-D0257255648C}.Release|Any CPU.ActiveCfg = Release|Any CPU
		{C9899453-7BCC-466C-A6B0-D0257255648C}.Release|Any CPU.Build.0 = Release|Any CPU
	EndGlobalSection
	GlobalSection(SolutionProperties) = preSolution
		HideSolutionNode = FALSE
	EndGlobalSection
	GlobalSection(ExtensibilityGlobals) = postSolution
		SolutionGuid = {EAA6FEB4-1B12-4DF3-B86E-98DD66AB6E64}
	EndGlobalSection
EndGlobal
